
Microsoft Visual Studio Solution File, Format Version 12.00
# Visual Studio Version 17
VisualStudioVersion = 17.7.34018.315
MinimumVisualStudioVersion = 10.0.40219.1
Project("{FAE04EC0-301F-11D3-BF4B-00C04F79EFBC}") = "Assignment1", "Assignment1\Assignment1.csproj", "{10CB2517-F604-4F66-9272-D7995052EB84}"
EndProject
Global
	GlobalSection(SolutionConfigurationPlatforms) = preSolution
		Debug|Any CPU = Debug|Any CPU
		Release|Any CPU = Release|Any CPU
	EndGlobalSection
	GlobalSection(ProjectConfigurationPlatforms) = postSolution
		{10CB2517-F604-4F66-9272-D7995052EB84}.Debug|Any CPU.ActiveCfg = Debug|Any CPU
		{10CB2517-F604-4F66-9272-D7995052EB84}.Debug|Any CPU.Build.0 = Debug|Any CPU
		{10CB2517-F604-4F66-9272-D7995052EB84}.Release|Any CPU.ActiveCfg = Release|Any CPU
		{10CB2517-F604-4F66-9272-D7995052EB84}.Release|Any CPU.Build.0 = Release|Any CPU
	EndGlobalSection
	GlobalSection(SolutionProperties) = preSolution
		HideSolutionNode = FALSE
	EndGlobalSection
	GlobalSection(ExtensibilityGlobals) = postSolution
		SolutionGuid = {05E9BE75-BAEE-43DC-839E-F703831F2D86}
	EndGlobalSection
EndGlobal
