
Microsoft Visual Studio Solution File, Format Version 12.00
# Visual Studio Version 17
VisualStudioVersion = 17.7.34018.315
MinimumVisualStudioVersion = 10.0.40219.1
Project("{FAE04EC0-301F-11D3-BF4B-00C04F79EFBC}") = "RestaurantBillCalculator", "RestaurantBillCalculator\RestaurantBillCalculator.csproj", "{D5559FFF-23C2-4AC0-A4F5-88EA8EBAF871}"
EndProject
Global
	GlobalSection(SolutionConfigurationPlatforms) = preSolution
		Debug|Any CPU = Debug|Any CPU
		Release|Any CPU = Release|Any CPU
	EndGlobalSection
	GlobalSection(ProjectConfigurationPlatforms) = postSolution
		{D5559FFF-23C2-4AC0-A4F5-88EA8EBAF871}.Debug|Any CPU.ActiveCfg = Debug|Any CPU
		{D5559FFF-23C2-4AC0-A4F5-88EA8EBAF871}.Debug|Any CPU.Build.0 = Debug|Any CPU
		{D5559FFF-23C2-4AC0-A4F5-88EA8EBAF871}.Release|Any CPU.ActiveCfg = Release|Any CPU
		{D5559FFF-23C2-4AC0-A4F5-88EA8EBAF871}.Release|Any CPU.Build.0 = Release|Any CPU
	EndGlobalSection
	GlobalSection(SolutionProperties) = preSolution
		HideSolutionNode = FALSE
	EndGlobalSection
	GlobalSection(ExtensibilityGlobals) = postSolution
		SolutionGuid = {99149479-F208-480A-B3B8-3B0F4E16F728}
	EndGlobalSection
EndGlobal
